
Microsoft Visual Studio Solution File, Format Version 12.00
# Visual Studio Version 17
VisualStudioVersion = 17.11.35327.3
MinimumVisualStudioVersion = 10.0.40219.1
Project("{FAE04EC0-301F-11D3-BF4B-00C04F79EFBC}") = "MauiApp2", "MauiApp2\MauiApp2.csproj", "{C39510A0-77F8-4793-B48B-16C3AA4516A7}"
EndProject
Global
	GlobalSection(SolutionConfigurationPlatforms) = preSolution
		Debug|Any CPU = Debug|Any CPU
		Release|Any CPU = Release|Any CPU
	EndGlobalSection
	GlobalSection(ProjectConfigurationPlatforms) = postSolution
		{C39510A0-77F8-4793-B48B-16C3AA4516A7}.Debug|Any CPU.ActiveCfg = Debug|Any CPU
		{C39510A0-77F8-4793-B48B-16C3AA4516A7}.Debug|Any CPU.Build.0 = Debug|Any CPU
		{C39510A0-77F8-4793-B48B-16C3AA4516A7}.Debug|Any CPU.Deploy.0 = Debug|Any CPU
		{C39510A0-77F8-4793-B48B-16C3AA4516A7}.Release|Any CPU.ActiveCfg = Release|Any CPU
		{C39510A0-77F8-4793-B48B-16C3AA4516A7}.Release|Any CPU.Build.0 = Release|Any CPU
		{C39510A0-77F8-4793-B48B-16C3AA4516A7}.Release|Any CPU.Deploy.0 = Release|Any CPU
	EndGlobalSection
	GlobalSection(SolutionProperties) = preSolution
		HideSolutionNode = FALSE
	EndGlobalSection
	GlobalSection(ExtensibilityGlobals) = postSolution
		SolutionGuid = {90DD437B-929B-427D-8C45-20D7908EB71C}
	EndGlobalSection
EndGlobal
